// !$*UTF8*$!
{
	archiveVersion = 1;
	classes = {
	};
	objectVersion = 50;
	objects = {

/* Begin PBXBuildFile section */
		73B57ECF2313354A00FC98A9 /* AppDelegate.swift in Sources */ = {isa = PBXBuildFile; fileRef = 73B57ECE2313354A00FC98A9 /* AppDelegate.swift */; };
		73B57ED12313354B00FC98A9 /* ToDoListViewController.swift in Sources */ = {isa = PBXBuildFile; fileRef = 73B57ED02313354B00FC98A9 /* ToDoListViewController.swift */; };
		73B57ED42313354B00FC98A9 /* Main.storyboard in Resources */ = {isa = PBXBuildFile; fileRef = 73B57ED22313354B00FC98A9 /* Main.storyboard */; };
		73B57ED62313355000FC98A9 /* Assets.xcassets in Resources */ = {isa = PBXBuildFile; fileRef = 73B57ED52313355000FC98A9 /* Assets.xcassets */; };
		73B57ED92313355000FC98A9 /* LaunchScreen.storyboard in Resources */ = {isa = PBXBuildFile; fileRef = 73B57ED72313355000FC98A9 /* LaunchScreen.storyboard */; };
		73B57F27231B226E00FC98A9 /* CoreData.xcdatamodeld in Sources */ = {isa = PBXBuildFile; fileRef = 73B57F25231B226E00FC98A9 /* CoreData.xcdatamodeld */; };
		73B57F29231CB5FD00FC98A9 /* CategoryViewController.swift in Sources */ = {isa = PBXBuildFile; fileRef = 73B57F28231CB5FD00FC98A9 /* CategoryViewController.swift */; };
		FA5FF23572F6610371329BB1 /* Pods_ToDoey.framework in Frameworks */ = {isa = PBXBuildFile; fileRef = 1E490AA495AB56C27285ADAB /* Pods_ToDoey.framework */; };
/* End PBXBuildFile section */

/* Begin PBXFileReference section */
		15D143726527673AE1D6C344 /* Pods-ToDoey.release.xcconfig */ = {isa = PBXFileReference; includeInIndex = 1; lastKnownFileType = text.xcconfig; name = "Pods-ToDoey.release.xcconfig"; path = "Target Support Files/Pods-ToDoey/Pods-ToDoey.release.xcconfig"; sourceTree = "<group>"; };
		1E490AA495AB56C27285ADAB /* Pods_ToDoey.framework */ = {isa = PBXFileReference; explicitFileType = wrapper.framework; includeInIndex = 0; path = Pods_ToDoey.framework; sourceTree = BUILT_PRODUCTS_DIR; };
		73B57ECB2313354A00FC98A9 /* ToDoey.app */ = {isa = PBXFileReference; explicitFileType = wrapper.application; includeInIndex = 0; path = ToDoey.app; sourceTree = BUILT_PRODUCTS_DIR; };
		73B57ECE2313354A00FC98A9 /* AppDelegate.swift */ = {isa = PBXFileReference; lastKnownFileType = sourcecode.swift; path = AppDelegate.swift; sourceTree = "<group>"; };
		73B57ED02313354B00FC98A9 /* ToDoListViewController.swift */ = {isa = PBXFileReference; lastKnownFileType = sourcecode.swift; path = ToDoListViewController.swift; sourceTree = "<group>"; };
		73B57ED32313354B00FC98A9 /* Base */ = {isa = PBXFileReference; lastKnownFileType = file.storyboard; name = Base; path = Base.lproj/Main.storyboard; sourceTree = "<group>"; };
		73B57ED52313355000FC98A9 /* Assets.xcassets */ = {isa = PBXFileReference; lastKnownFileType = folder.assetcatalog; path = Assets.xcassets; sourceTree = "<group>"; };
		73B57ED82313355000FC98A9 /* Base */ = {isa = PBXFileReference; lastKnownFileType = file.storyboard; name = Base; path = Base.lproj/LaunchScreen.storyboard; sourceTree = "<group>"; };
		73B57EDA2313355000FC98A9 /* Info.plist */ = {isa = PBXFileReference; lastKnownFileType = text.plist.xml; path = Info.plist; sourceTree = "<group>"; };
		73B57F26231B226E00FC98A9 /* CoreData.xcdatamodel */ = {isa = PBXFileReference; lastKnownFileType = wrapper.xcdatamodel; path = CoreData.xcdatamodel; sourceTree = "<group>"; };
		73B57F28231CB5FD00FC98A9 /* CategoryViewController.swift */ = {isa = PBXFileReference; lastKnownFileType = sourcecode.swift; path = CategoryViewController.swift; sourceTree = "<group>"; };
		DE7789AB22C8D99ADEEECDE3 /* Pods-ToDoey.debug.xcconfig */ = {isa = PBXFileReference; includeInIndex = 1; lastKnownFileType = text.xcconfig; name = "Pods-ToDoey.debug.xcconfig"; path = "Target Support Files/Pods-ToDoey/Pods-ToDoey.debug.xcconfig"; sourceTree = "<group>"; };
/* End PBXFileReference section */

/* Begin PBXFrameworksBuildPhase section */
		73B57EC82313354A00FC98A9 /* Frameworks */ = {
			isa = PBXFrameworksBuildPhase;
			buildActionMask = 2147483647;
			files = (
				FA5FF23572F6610371329BB1 /* Pods_ToDoey.framework in Frameworks */,
			);
			runOnlyForDeploymentPostprocessing = 0;
		};
/* End PBXFrameworksBuildPhase section */

/* Begin PBXGroup section */
		0219284FACCFC90D6E7C8C21 /* Pods */ = {
			isa = PBXGroup;
			children = (
				DE7789AB22C8D99ADEEECDE3 /* Pods-ToDoey.debug.xcconfig */,
				15D143726527673AE1D6C344 /* Pods-ToDoey.release.xcconfig */,
			);
			name = Pods;
			path = Pods;
			sourceTree = "<group>";
		};
		5A0497F25DD88DF4473930EF /* Frameworks */ = {
			isa = PBXGroup;
			children = (
				1E490AA495AB56C27285ADAB /* Pods_ToDoey.framework */,
			);
			name = Frameworks;
			sourceTree = "<group>";
		};
		73B57EC22313354A00FC98A9 = {
			isa = PBXGroup;
			children = (
				73B57ECD2313354A00FC98A9 /* ToDoey */,
				73B57ECC2313354A00FC98A9 /* Products */,
				0219284FACCFC90D6E7C8C21 /* Pods */,
				5A0497F25DD88DF4473930EF /* Frameworks */,
			);
			sourceTree = "<group>";
		};
		73B57ECC2313354A00FC98A9 /* Products */ = {
			isa = PBXGroup;
			children = (
				73B57ECB2313354A00FC98A9 /* ToDoey.app */,
			);
			name = Products;
			sourceTree = "<group>";
		};
		73B57ECD2313354A00FC98A9 /* ToDoey */ = {
			isa = PBXGroup;
			children = (
				73B57ECE2313354A00FC98A9 /* AppDelegate.swift */,
				73B57F012319AF1D00FC98A9 /* Controller */,
				73B57F002319AEEF00FC98A9 /* Data Model */,
				73B57F022319AF3900FC98A9 /* Views */,
				73B57F032319AF6600FC98A9 /* Supporting Files */,
				73B57EDA2313355000FC98A9 /* Info.plist */,
			);
			path = ToDoey;
			sourceTree = "<group>";
		};
		73B57F002319AEEF00FC98A9 /* Data Model */ = {
			isa = PBXGroup;
			children = (
				73B57F25231B226E00FC98A9 /* CoreData.xcdatamodeld */,
			);
			path = "Data Model";
			sourceTree = "<group>";
		};
		73B57F012319AF1D00FC98A9 /* Controller */ = {
			isa = PBXGroup;
			children = (
				73B57F28231CB5FD00FC98A9 /* CategoryViewController.swift */,
				73B57ED02313354B00FC98A9 /* ToDoListViewController.swift */,
			);
			path = Controller;
			sourceTree = "<group>";
		};
		73B57F022319AF3900FC98A9 /* Views */ = {
			isa = PBXGroup;
			children = (
				73B57ED22313354B00FC98A9 /* Main.storyboard */,
			);
			path = Views;
			sourceTree = "<group>";
		};
		73B57F032319AF6600FC98A9 /* Supporting Files */ = {
			isa = PBXGroup;
			children = (
				73B57ED52313355000FC98A9 /* Assets.xcassets */,
				73B57ED72313355000FC98A9 /* LaunchScreen.storyboard */,
			);
			path = "Supporting Files";
			sourceTree = "<group>";
		};
/* End PBXGroup section */

/* Begin PBXNativeTarget section */
		73B57ECA2313354A00FC98A9 /* ToDoey */ = {
			isa = PBXNativeTarget;
			buildConfigurationList = 73B57EDD2313355000FC98A9 /* Build configuration list for PBXNativeTarget "ToDoey" */;
			buildPhases = (
				71C40CA09C8D49F492DDF52A /* [CP] Check Pods Manifest.lock */,
				73B57EC72313354A00FC98A9 /* Sources */,
				73B57EC82313354A00FC98A9 /* Frameworks */,
				73B57EC92313354A00FC98A9 /* Resources */,
				A1F718F336255717676670D8 /* [CP] Embed Pods Frameworks */,
			);
			buildRules = (
			);
			dependencies = (
			);
			name = ToDoey;
			productName = ToDoey;
			productReference = 73B57ECB2313354A00FC98A9 /* ToDoey.app */;
			productType = "com.apple.product-type.application";
		};
/* End PBXNativeTarget section */

/* Begin PBXProject section */
		73B57EC32313354A00FC98A9 /* Project object */ = {
			isa = PBXProject;
			attributes = {
				LastSwiftUpdateCheck = 1030;
				LastUpgradeCheck = 1030;
				ORGANIZATIONNAME = "Lavleen Sekhon";
				TargetAttributes = {
					73B57ECA2313354A00FC98A9 = {
						CreatedOnToolsVersion = 10.3;
					};
				};
			};
			buildConfigurationList = 73B57EC62313354A00FC98A9 /* Build configuration list for PBXProject "ToDoey" */;
			compatibilityVersion = "Xcode 9.3";
			developmentRegion = en;
			hasScannedForEncodings = 0;
			knownRegions = (
				en,
				Base,
			);
			mainGroup = 73B57EC22313354A00FC98A9;
			productRefGroup = 73B57ECC2313354A00FC98A9 /* Products */;
			projectDirPath = "";
			projectRoot = "";
			targets = (
				73B57ECA2313354A00FC98A9 /* ToDoey */,
			);
		};
/* End PBXProject section */

/* Begin PBXResourcesBuildPhase section */
		73B57EC92313354A00FC98A9 /* Resources */ = {
			isa = PBXResourcesBuildPhase;
			buildActionMask = 2147483647;
			files = (
				73B57ED92313355000FC98A9 /* LaunchScreen.storyboard in Resources */,
				73B57ED62313355000FC98A9 /* Assets.xcassets in Resources */,
				73B57ED42313354B00FC98A9 /* Main.storyboard in Resources */,
			);
			runOnlyForDeploymentPostprocessing = 0;
		};
/* End PBXResourcesBuildPhase section */

/* Begin PBXShellScriptBuildPhase section */
		71C40CA09C8D49F492DDF52A /* [CP] Check Pods Manifest.lock */ = {
			isa = PBXShellScriptBuildPhase;
			buildActionMask = 2147483647;
			files = (
			);
			inputFileListPaths = (
			);
			inputPaths = (
				"${PODS_PODFILE_DIR_PATH}/Podfile.lock",
				"${PODS_ROOT}/Manifest.lock",
			);
			name = "[CP] Check Pods Manifest.lock";
			outputFileListPaths = (
			);
			outputPaths = (
				"$(DERIVED_FILE_DIR)/Pods-ToDoey-checkManifestLockResult.txt",
			);
			runOnlyForDeploymentPostprocessing = 0;
			shellPath = /bin/sh;
			shellScript = "diff \"${PODS_PODFILE_DIR_PATH}/Podfile.lock\" \"${PODS_ROOT}/Manifest.lock\" > /dev/null\nif [ $? != 0 ] ; then\n    # print error to STDERR\n    echo \"error: The sandbox is not in sync with the Podfile.lock. Run 'pod install' or update your CocoaPods installation.\" >&2\n    exit 1\nfi\n# This output is used by Xcode 'outputs' to avoid re-running this script phase.\necho \"SUCCESS\" > \"${SCRIPT_OUTPUT_FILE_0}\"\n";
			showEnvVarsInLog = 0;
		};
		A1F718F336255717676670D8 /* [CP] Embed Pods Frameworks */ = {
			isa = PBXShellScriptBuildPhase;
			buildActionMask = 2147483647;
			files = (
			);
			inputFileListPaths = (
				"${PODS_ROOT}/Target Support Files/Pods-ToDoey/Pods-ToDoey-frameworks-${CONFIGURATION}-input-files.xcfilelist",
			);
			name = "[CP] Embed Pods Frameworks";
			outputFileListPaths = (
				"${PODS_ROOT}/Target Support Files/Pods-ToDoey/Pods-ToDoey-frameworks-${CONFIGURATION}-output-files.xcfilelist",
			);
			runOnlyForDeploymentPostprocessing = 0;
			shellPath = /bin/sh;
			shellScript = "\"${PODS_ROOT}/Target Support Files/Pods-ToDoey/Pods-ToDoey-frameworks.sh\"\n";
			showEnvVarsInLog = 0;
		};
/* End PBXShellScriptBuildPhase section */

/* Begin PBXSourcesBuildPhase section */
		73B57EC72313354A00FC98A9 /* Sources */ = {
			isa = PBXSourcesBuildPhase;
			buildActionMask = 2147483647;
			files = (
				73B57F29231CB5FD00FC98A9 /* CategoryViewController.swift in Sources */,
				73B57F27231B226E00FC98A9 /* CoreData.xcdatamodeld in Sources */,
				73B57ED12313354B00FC98A9 /* ToDoListViewController.swift in Sources */,
				73B57ECF2313354A00FC98A9 /* AppDelegate.swift in Sources */,
			);
			runOnlyForDeploymentPostprocessing = 0;
		};
/* End PBXSourcesBuildPhase section */

/* Begin PBXVariantGroup section */
		73B57ED22313354B00FC98A9 /* Main.storyboard */ = {
			isa = PBXVariantGroup;
			children = (
				73B57ED32313354B00FC98A9 /* Base */,
			);
			name = Main.storyboard;
			sourceTree = "<group>";
		};
		73B57ED72313355000FC98A9 /* LaunchScreen.storyboard */ = {
			isa = PBXVariantGroup;
			children = (
				73B57ED82313355000FC98A9 /* Base */,
			);
			name = LaunchScreen.storyboard;
			sourceTree = "<group>";
		};
/* End PBXVariantGroup section */

/* Begin XCBuildConfiguration section */
		73B57EDB2313355000FC98A9 /* Debug */ = {
			isa = XCBuildConfiguration;
			buildSettings = {
				ALWAYS_SEARCH_USER_PATHS = NO;
				CLANG_ANALYZER_NONNULL = YES;
				CLANG_ANALYZER_NUMBER_OBJECT_CONVERSION = YES_AGGRESSIVE;
				CLANG_CXX_LANGUAGE_STANDARD = "gnu++14";
				CLANG_CXX_LIBRARY = "libc++";
				CLANG_ENABLE_MODULES = YES;
				CLANG_ENABLE_OBJC_ARC = YES;
				CLANG_ENABLE_OBJC_WEAK = YES;
				CLANG_WARN_BLOCK_CAPTURE_AUTORELEASING = YES;
				CLANG_WARN_BOOL_CONVERSION = YES;
				CLANG_WARN_COMMA = YES;
				CLANG_WARN_CONSTANT_CONVERSION = YES;
				CLANG_WARN_DEPRECATED_OBJC_IMPLEMENTATIONS = YES;
				CLANG_WARN_DIRECT_OBJC_ISA_USAGE = YES_ERROR;
				CLANG_WARN_DOCUMENTATION_COMMENTS = YES;
				CLANG_WARN_EMPTY_BODY = YES;
				CLANG_WARN_ENUM_CONVERSION = YES;
				CLANG_WARN_INFINITE_RECURSION = YES;
				CLANG_WARN_INT_CONVERSION = YES;
				CLANG_WARN_NON_LITERAL_NULL_CONVERSION = YES;
				CLANG_WARN_OBJC_IMPLICIT_RETAIN_SELF = YES;
				CLANG_WARN_OBJC_LITERAL_CONVERSION = YES;
				CLANG_WARN_OBJC_ROOT_CLASS = YES_ERROR;
				CLANG_WARN_RANGE_LOOP_ANALYSIS = YES;
				CLANG_WARN_STRICT_PROTOTYPES = YES;
				CLANG_WARN_SUSPICIOUS_MOVE = YES;
				CLANG_WARN_UNGUARDED_AVAILABILITY = YES_AGGRESSIVE;
				CLANG_WARN_UNREACHABLE_CODE = YES;
				CLANG_WARN__DUPLICATE_METHOD_MATCH = YES;
				CODE_SIGN_IDENTITY = "iPhone Developer";
				COPY_PHASE_STRIP = NO;
				DEBUG_INFORMATION_FORMAT = dwarf;
				ENABLE_STRICT_OBJC_MSGSEND = YES;
				ENABLE_TESTABILITY = YES;
				GCC_C_LANGUAGE_STANDARD = gnu11;
				GCC_DYNAMIC_NO_PIC = NO;
				GCC_NO_COMMON_BLOCKS = YES;
				GCC_OPTIMIZATION_LEVEL = 0;
				GCC_PREPROCESSOR_DEFINITIONS = (
					"DEBUG=1",
					"$(inherited)",
				);
				GCC_WARN_64_TO_32_BIT_CONVERSION = YES;
				GCC_WARN_ABOUT_RETURN_TYPE = YES_ERROR;
				GCC_WARN_UNDECLARED_SELECTOR = YES;
				GCC_WARN_UNINITIALIZED_AUTOS = YES_AGGRESSIVE;
				GCC_WARN_UNUSED_FUNCTION = YES;
				GCC_WARN_UNUSED_VARIABLE = YES;
				IPHONEOS_DEPLOYMENT_TARGET = 12.4;
				MTL_ENABLE_DEBUG_INFO = INCLUDE_SOURCE;
				MTL_FAST_MATH = YES;
				ONLY_ACTIVE_ARCH = YES;
				SDKROOT = iphoneos;
				SWIFT_ACTIVE_COMPILATION_CONDITIONS = DEBUG;
				SWIFT_OPTIMIZATION_LEVEL = "-Onone";
			};
			name = Debug;
		};
		73B57EDC2313355000FC98A9 /* Release */ = {
			isa = XCBuildConfiguration;
			buildSettings = {
				ALWAYS_SEARCH_USER_PATHS = NO;
				CLANG_ANALYZER_NONNULL = YES;
				CLANG_ANALYZER_NUMBER_OBJECT_CONVERSION = YES_AGGRESSIVE;
				CLANG_CXX_LANGUAGE_STANDARD = "gnu++14";
				CLANG_CXX_LIBRARY = "libc++";
				CLANG_ENABLE_MODULES = YES;
				CLANG_ENABLE_OBJC_ARC = YES;
				CLANG_ENABLE_OBJC_WEAK = YES;
				CLANG_WARN_BLOCK_CAPTURE_AUTORELEASING = YES;
				CLANG_WARN_BOOL_CONVERSION = YES;
				CLANG_WARN_COMMA = YES;
				CLANG_WARN_CONSTANT_CONVERSION = YES;
				CLANG_WARN_DEPRECATED_OBJC_IMPLEMENTATIONS = YES;
				CLANG_WARN_DIRECT_OBJC_ISA_USAGE = YES_ERROR;
				CLANG_WARN_DOCUMENTATION_COMMENTS = YES;
				CLANG_WARN_EMPTY_BODY = YES;
				CLANG_WARN_ENUM_CONVERSION = YES;
				CLANG_WARN_INFINITE_RECURSION = YES;
				CLANG_WARN_INT_CONVERSION = YES;
				CLANG_WARN_NON_LITERAL_NULL_CONVERSION = YES;
				CLANG_WARN_OBJC_IMPLICIT_RETAIN_SELF = YES;
				CLANG_WARN_OBJC_LITERAL_CONVERSION = YES;
				CLANG_WARN_OBJC_ROOT_CLASS = YES_ERROR;
				CLANG_WARN_RANGE_LOOP_ANALYSIS = YES;
				CLANG_WARN_STRICT_PROTOTYPES = YES;
				CLANG_WARN_SUSPICIOUS_MOVE = YES;
				CLANG_WARN_UNGUARDED_AVAILABILITY = YES_AGGRESSIVE;
				CLANG_WARN_UNREACHABLE_CODE = YES;
				CLANG_WARN__DUPLICATE_METHOD_MATCH = YES;
				CODE_SIGN_IDENTITY = "iPhone Developer";
				COPY_PHASE_STRIP = NO;
				DEBUG_INFORMATION_FORMAT = "dwarf-with-dsym";
				ENABLE_NS_ASSERTIONS = NO;
				ENABLE_STRICT_OBJC_MSGSEND = YES;
				GCC_C_LANGUAGE_STANDARD = gnu11;
				GCC_NO_COMMON_BLOCKS = YES;
				GCC_WARN_64_TO_32_BIT_CONVERSION = YES;
				GCC_WARN_ABOUT_RETURN_TYPE = YES_ERROR;
				GCC_WARN_UNDECLARED_SELECTOR = YES;
				GCC_WARN_UNINITIALIZED_AUTOS = YES_AGGRESSIVE;
				GCC_WARN_UNUSED_FUNCTION = YES;
				GCC_WARN_UNUSED_VARIABLE = YES;
				IPHONEOS_DEPLOYMENT_TARGET = 12.4;
				MTL_ENABLE_DEBUG_INFO = NO;
				MTL_FAST_MATH = YES;
				SDKROOT = iphoneos;
				SWIFT_COMPILATION_MODE = wholemodule;
				SWIFT_OPTIMIZATION_LEVEL = "-O";
				VALIDATE_PRODUCT = YES;
			};
			name = Release;
		};
		73B57EDE2313355000FC98A9 /* Debug */ = {
			isa = XCBuildConfiguration;
			baseConfigurationReference = DE7789AB22C8D99ADEEECDE3 /* Pods-ToDoey.debug.xcconfig */;
			buildSettings = {
				ASSETCATALOG_COMPILER_APPICON_NAME = AppIcon;
				CODE_SIGN_STYLE = Automatic;
				INFOPLIST_FILE = ToDoey/Info.plist;
				LD_RUNPATH_SEARCH_PATHS = (
					"$(inherited)",
					"@executable_path/Frameworks",
				);
				PRODUCT_BUNDLE_IDENTIFIER = com.LSekhon.ToDoey;
				PRODUCT_NAME = "$(TARGET_NAME)";
				SWIFT_VERSION = 5.0;
				TARGETED_DEVICE_FAMILY = "1,2";
			};
			name = Debug;
		};
		73B57EDF2313355000FC98A9 /* Release */ = {
			isa = XCBuildConfiguration;
			baseConfigurationReference = 15D143726527673AE1D6C344 /* Pods-ToDoey.release.xcconfig */;
			buildSettings = {
				ASSETCATALOG_COMPILER_APPICON_NAME = AppIcon;
				CODE_SIGN_STYLE = Automatic;
				INFOPLIST_FILE = ToDoey/Info.plist;
				LD_RUNPATH_SEARCH_PATHS = (
					"$(inherited)",
					"@executable_path/Frameworks",
				);
				PRODUCT_BUNDLE_IDENTIFIER = com.LSekhon.ToDoey;
				PRODUCT_NAME = "$(TARGET_NAME)";
				SWIFT_VERSION = 5.0;
				TARGETED_DEVICE_FAMILY = "1,2";
			};
			name = Release;
		};
/* End XCBuildConfiguration section */

/* Begin XCConfigurationList section */
		73B57EC62313354A00FC98A9 /* Build configuration list for PBXProject "ToDoey" */ = {
			isa = XCConfigurationList;
			buildConfigurations = (
				73B57EDB2313355000FC98A9 /* Debug */,
				73B57EDC2313355000FC98A9 /* Release */,
			);
			defaultConfigurationIsVisible = 0;
			defaultConfigurationName = Release;
		};
		73B57EDD2313355000FC98A9 /* Build configuration list for PBXNativeTarget "ToDoey" */ = {
			isa = XCConfigurationList;
			buildConfigurations = (
				73B57EDE2313355000FC98A9 /* Debug */,
				73B57EDF2313355000FC98A9 /* Release */,
			);
			defaultConfigurationIsVisible = 0;
			defaultConfigurationName = Release;
		};
/* End XCConfigurationList section */

/* Begin XCVersionGroup section */
		73B57F25231B226E00FC98A9 /* CoreData.xcdatamodeld */ = {
			isa = XCVersionGroup;
			children = (
				73B57F26231B226E00FC98A9 /* CoreData.xcdatamodel */,
			);
			currentVersion = 73B57F26231B226E00FC98A9 /* CoreData.xcdatamodel */;
			path = CoreData.xcdatamodeld;
			sourceTree = "<group>";
			versionGroupType = wrapper.xcdatamodel;
		};
/* End XCVersionGroup section */
	};
	rootObject = 73B57EC32313354A00FC98A9 /* Project object */;
}
